
Microsoft Visual Studio Solution File, Format Version 12.00
# Visual Studio Version 16
VisualStudioVersion = 16.0.30804.86
MinimumVisualStudioVersion = 10.0.40219.1
Project("{2150E333-8FDC-42A3-9474-1A3956D46DE8}") = "Command", "Command", "{6AFE26A1-7E7F-4AB9-9F4A-C44CA3DCED46}"
EndProject
Project("{9A19103F-16F7-4668-BE54-9A1E7A4F7556}") = "Command001", "Command001\Command001.csproj", "{5E45EC95-9B2E-4869-99D4-6CA8F3CA156E}"
EndProject
Project("{2150E333-8FDC-42A3-9474-1A3956D46DE8}") = "FactoryMethod", "FactoryMethod", "{B511AAA5-0E2C-49E0-8D0C-F30777142D61}"
EndProject
Project("{9A19103F-16F7-4668-BE54-9A1E7A4F7556}") = "FactoryMethod001", "FactoryMethod001\FactoryMethod001.csproj", "{FDB674AB-A346-49EB-863D-8523E7D5F8E1}"
EndProject
Global
	GlobalSection(SolutionConfigurationPlatforms) = preSolution
		Debug|Any CPU = Debug|Any CPU
		Release|Any CPU = Release|Any CPU
	EndGlobalSection
	GlobalSection(ProjectConfigurationPlatforms) = postSolution
		{5E45EC95-9B2E-4869-99D4-6CA8F3CA156E}.Debug|Any CPU.ActiveCfg = Debug|Any CPU
		{5E45EC95-9B2E-4869-99D4-6CA8F3CA156E}.Debug|Any CPU.Build.0 = Debug|Any CPU
		{5E45EC95-9B2E-4869-99D4-6CA8F3CA156E}.Release|Any CPU.ActiveCfg = Release|Any CPU
		{5E45EC95-9B2E-4869-99D4-6CA8F3CA156E}.Release|Any CPU.Build.0 = Release|Any CPU
		{FDB674AB-A346-49EB-863D-8523E7D5F8E1}.Debug|Any CPU.ActiveCfg = Debug|Any CPU
		{FDB674AB-A346-49EB-863D-8523E7D5F8E1}.Debug|Any CPU.Build.0 = Debug|Any CPU
		{FDB674AB-A346-49EB-863D-8523E7D5F8E1}.Release|Any CPU.ActiveCfg = Release|Any CPU
		{FDB674AB-A346-49EB-863D-8523E7D5F8E1}.Release|Any CPU.Build.0 = Release|Any CPU
	EndGlobalSection
	GlobalSection(SolutionProperties) = preSolution
		HideSolutionNode = FALSE
	EndGlobalSection
	GlobalSection(NestedProjects) = preSolution
		{5E45EC95-9B2E-4869-99D4-6CA8F3CA156E} = {6AFE26A1-7E7F-4AB9-9F4A-C44CA3DCED46}
		{FDB674AB-A346-49EB-863D-8523E7D5F8E1} = {B511AAA5-0E2C-49E0-8D0C-F30777142D61}
	EndGlobalSection
	GlobalSection(ExtensibilityGlobals) = postSolution
		SolutionGuid = {FC360EF5-5743-4AF3-93A4-4AF3B13BD56B}
	EndGlobalSection
EndGlobal
