
Microsoft Visual Studio Solution File, Format Version 12.00
# Visual Studio Version 16
VisualStudioVersion = 16.0.30804.86
MinimumVisualStudioVersion = 10.0.40219.1
Project("{2150E333-8FDC-42A3-9474-1A3956D46DE8}") = "Command", "Command", "{6AFE26A1-7E7F-4AB9-9F4A-C44CA3DCED46}"
EndProject
Project("{FAE04EC0-301F-11D3-BF4B-00C04F79EFBC}") = "Command001", "Command001\Command001.csproj", "{5E45EC95-9B2E-4869-99D4-6CA8F3CA156E}"
EndProject
Global
	GlobalSection(SolutionConfigurationPlatforms) = preSolution
		Debug|Any CPU = Debug|Any CPU
		Release|Any CPU = Release|Any CPU
	EndGlobalSection
	GlobalSection(ProjectConfigurationPlatforms) = postSolution
		{5E45EC95-9B2E-4869-99D4-6CA8F3CA156E}.Debug|Any CPU.ActiveCfg = Debug|Any CPU
		{5E45EC95-9B2E-4869-99D4-6CA8F3CA156E}.Debug|Any CPU.Build.0 = Debug|Any CPU
		{5E45EC95-9B2E-4869-99D4-6CA8F3CA156E}.Release|Any CPU.ActiveCfg = Release|Any CPU
		{5E45EC95-9B2E-4869-99D4-6CA8F3CA156E}.Release|Any CPU.Build.0 = Release|Any CPU
	EndGlobalSection
	GlobalSection(SolutionProperties) = preSolution
		HideSolutionNode = FALSE
	EndGlobalSection
	GlobalSection(NestedProjects) = preSolution
		{5E45EC95-9B2E-4869-99D4-6CA8F3CA156E} = {6AFE26A1-7E7F-4AB9-9F4A-C44CA3DCED46}
	EndGlobalSection
	GlobalSection(ExtensibilityGlobals) = postSolution
		SolutionGuid = {FC360EF5-5743-4AF3-93A4-4AF3B13BD56B}
	EndGlobalSection
EndGlobal
